
Microsoft Visual Studio Solution File, Format Version 12.00
# Visual Studio Version 17
VisualStudioVersion = 17.1.32228.430
MinimumVisualStudioVersion = 10.0.40219.1
Project("{FAE04EC0-301F-11D3-BF4B-00C04F79EFBC}") = "myhomework2", "ArrayList\myhomework2.csproj", "{A14C66E3-50CB-457C-A7B6-C641BE379434}"
EndProject
Project("{FAE04EC0-301F-11D3-BF4B-00C04F79EFBC}") = "MyLists", "MyArrayList\MyLists.csproj", "{D01CA6AF-54A4-4A55-ACA4-53A900486727}"
EndProject
Global
	GlobalSection(SolutionConfigurationPlatforms) = preSolution
		Debug|Any CPU = Debug|Any CPU
		Release|Any CPU = Release|Any CPU
	EndGlobalSection
	GlobalSection(ProjectConfigurationPlatforms) = postSolution
		{A14C66E3-50CB-457C-A7B6-C641BE379434}.Debug|Any CPU.ActiveCfg = Debug|Any CPU
		{A14C66E3-50CB-457C-A7B6-C641BE379434}.Debug|Any CPU.Build.0 = Debug|Any CPU
		{A14C66E3-50CB-457C-A7B6-C641BE379434}.Release|Any CPU.ActiveCfg = Release|Any CPU
		{A14C66E3-50CB-457C-A7B6-C641BE379434}.Release|Any CPU.Build.0 = Release|Any CPU
		{D01CA6AF-54A4-4A55-ACA4-53A900486727}.Debug|Any CPU.ActiveCfg = Debug|Any CPU
		{D01CA6AF-54A4-4A55-ACA4-53A900486727}.Debug|Any CPU.Build.0 = Debug|Any CPU
		{D01CA6AF-54A4-4A55-ACA4-53A900486727}.Release|Any CPU.ActiveCfg = Release|Any CPU
		{D01CA6AF-54A4-4A55-ACA4-53A900486727}.Release|Any CPU.Build.0 = Release|Any CPU
	EndGlobalSection
	GlobalSection(SolutionProperties) = preSolution
		HideSolutionNode = FALSE
	EndGlobalSection
	GlobalSection(ExtensibilityGlobals) = postSolution
		SolutionGuid = {ED0457D8-0AD7-4B63-8BA2-D49238653F6A}
	EndGlobalSection
EndGlobal
